
Microsoft Visual Studio Solution File, Format Version 12.00
# Visual Studio 2013
VisualStudioVersion = 12.0.40629.0
MinimumVisualStudioVersion = 10.0.40219.1
Project("{9092AA53-FB77-4645-B42D-1CCCA6BD08BD}") = "SobLibWebServer", "SobLibWebServer\SobLibWebServer.njsproj", "{08F26EEE-4017-47C7-9397-EE4B58C414EF}"
EndProject
Global
	GlobalSection(SolutionConfigurationPlatforms) = preSolution
		Debug|Any CPU = Debug|Any CPU
		Release|Any CPU = Release|Any CPU
	EndGlobalSection
	GlobalSection(ProjectConfigurationPlatforms) = postSolution
		{08F26EEE-4017-47C7-9397-EE4B58C414EF}.Debug|Any CPU.ActiveCfg = Debug|Any CPU
		{08F26EEE-4017-47C7-9397-EE4B58C414EF}.Debug|Any CPU.Build.0 = Debug|Any CPU
		{08F26EEE-4017-47C7-9397-EE4B58C414EF}.Release|Any CPU.ActiveCfg = Release|Any CPU
		{08F26EEE-4017-47C7-9397-EE4B58C414EF}.Release|Any CPU.Build.0 = Release|Any CPU
	EndGlobalSection
	GlobalSection(SolutionProperties) = preSolution
		HideSolutionNode = FALSE
	EndGlobalSection
EndGlobal
